
Microsoft Visual Studio Solution File, Format Version 12.00
Project("{FAE04EC0-301F-11D3-BF4B-00C04F79EFBC}") = "GameForestTestAssignment", "GameForestTestAssignment\GameForestTestAssignment.csproj", "{E5760B52-C5AF-4C16-8144-AD43D6E78F25}"
EndProject
Global
	GlobalSection(SolutionConfigurationPlatforms) = preSolution
		Debug|Any CPU = Debug|Any CPU
		Release|Any CPU = Release|Any CPU
	EndGlobalSection
	GlobalSection(ProjectConfigurationPlatforms) = postSolution
		{E5760B52-C5AF-4C16-8144-AD43D6E78F25}.Debug|Any CPU.ActiveCfg = Debug|Any CPU
		{E5760B52-C5AF-4C16-8144-AD43D6E78F25}.Debug|Any CPU.Build.0 = Debug|Any CPU
		{E5760B52-C5AF-4C16-8144-AD43D6E78F25}.Release|Any CPU.ActiveCfg = Release|Any CPU
		{E5760B52-C5AF-4C16-8144-AD43D6E78F25}.Release|Any CPU.Build.0 = Release|Any CPU
	EndGlobalSection
EndGlobal
